{
  "name": "prisma-dart",
  "lockfileVersion": 2,
  "requires": true,
  "packages": {
    "": {
      "name": "prisma-dart",
      "dependencies": {
        "@prisma/client": "^5.5.2"
      },
      "devDependencies": {
        "prisma": "^5.5.2"
      }
    },
    "node_modules/@prisma/client": {
      "version": "5.5.2",
      "resolved": "https://registry.npmjs.org/@prisma/client/-/client-5.5.2.tgz",
      "integrity": "sha512-54XkqR8M+fxbzYqe+bIXimYnkkcGqgOh0dn0yWtIk6CQT4IUCAvNFNcQZwk2KqaLU+/1PHTSWrcHtx4XjluR5w==",
      "hasInstallScript": true,
      "dependencies": {
        "@prisma/engines-version": "5.5.1-1.aebc046ce8b88ebbcb45efe31cbe7d06fd6abc0a"
      },
      "engines": {
        "node": ">=16.13"
      },
      "peerDependencies": {
        "prisma": "*"
      },
      "peerDependenciesMeta": {
        "prisma": {
          "optional": true
        }
      }
    },
    "node_modules/@prisma/engines": {
      "version": "5.5.2",
      "resolved": "https://registry.npmjs.org/@prisma/engines/-/engines-5.5.2.tgz",
      "integrity": "sha512-Be5hoNF8k+lkB3uEMiCHbhbfF6aj1GnrTBnn5iYFT7GEr3TsOEp1soviEcBR0tYCgHbxjcIxJMhdbvxALJhAqg==",
      "devOptional": true,
      "hasInstallScript": true
    },
    "node_modules/@prisma/engines-version": {
      "version": "5.5.1-1.aebc046ce8b88ebbcb45efe31cbe7d06fd6abc0a",
      "resolved": "https://registry.npmjs.org/@prisma/engines-version/-/engines-version-5.5.1-1.aebc046ce8b88ebbcb45efe31cbe7d06fd6abc0a.tgz",
      "integrity": "sha512-O+qHFnZvAyOFk1tUco2/VdiqS0ym42a3+6CYLScllmnpbyiTplgyLt2rK/B9BTjYkSHjrgMhkG47S0oqzdIckA=="
    },
    "node_modules/prisma": {
      "version": "5.5.2",
      "resolved": "https://registry.npmjs.org/prisma/-/prisma-5.5.2.tgz",
      "integrity": "sha512-WQtG6fevOL053yoPl6dbHV+IWgKo25IRN4/pwAGqcWmg7CrtoCzvbDbN9fXUc7QS2KK0LimHIqLsaCOX/vHl8w==",
      "devOptional": true,
      "hasInstallScript": true,
      "dependencies": {
        "@prisma/engines": "5.5.2"
      },
      "bin": {
        "prisma": "build/index.js"
      },
      "engines": {
        "node": ">=16.13"
      }
    }
  },
  "dependencies": {
    "@prisma/client": {
      "version": "5.5.2",
      "resolved": "https://registry.npmjs.org/@prisma/client/-/client-5.5.2.tgz",
      "integrity": "sha512-54XkqR8M+fxbzYqe+bIXimYnkkcGqgOh0dn0yWtIk6CQT4IUCAvNFNcQZwk2KqaLU+/1PHTSWrcHtx4XjluR5w==",
      "requires": {
        "@prisma/engines-version": "5.5.1-1.aebc046ce8b88ebbcb45efe31cbe7d06fd6abc0a"
      }
    },
    "@prisma/engines": {
      "version": "5.5.2",
      "resolved": "https://registry.npmjs.org/@prisma/engines/-/engines-5.5.2.tgz",
      "integrity": "sha512-Be5hoNF8k+lkB3uEMiCHbhbfF6aj1GnrTBnn5iYFT7GEr3TsOEp1soviEcBR0tYCgHbxjcIxJMhdbvxALJhAqg==",
      "devOptional": true
    },
    "@prisma/engines-version": {
      "version": "5.5.1-1.aebc046ce8b88ebbcb45efe31cbe7d06fd6abc0a",
      "resolved": "https://registry.npmjs.org/@prisma/engines-version/-/engines-version-5.5.1-1.aebc046ce8b88ebbcb45efe31cbe7d06fd6abc0a.tgz",
      "integrity": "sha512-O+qHFnZvAyOFk1tUco2/VdiqS0ym42a3+6CYLScllmnpbyiTplgyLt2rK/B9BTjYkSHjrgMhkG47S0oqzdIckA=="
    },
    "prisma": {
      "version": "5.5.2",
      "resolved": "https://registry.npmjs.org/prisma/-/prisma-5.5.2.tgz",
      "integrity": "sha512-WQtG6fevOL053yoPl6dbHV+IWgKo25IRN4/pwAGqcWmg7CrtoCzvbDbN9fXUc7QS2KK0LimHIqLsaCOX/vHl8w==",
      "devOptional": true,
      "requires": {
        "@prisma/engines": "5.5.2"
      }
    }
  }
}
