{
  "name": "prisma-dart",
  "lockfileVersion": 2,
  "requires": true,
  "packages": {
    "": {
      "name": "prisma-dart",
      "dependencies": {
        "prisma": "^5.4.2"
      }
    },
    "node_modules/@prisma/engines": {
      "version": "5.4.2",
      "resolved": "https://registry.npmjs.org/@prisma/engines/-/engines-5.4.2.tgz",
      "integrity": "sha512-fqeucJ3LH0e1eyFdT0zRx+oETLancu5+n4lhiYECyEz6H2RDskPJHJYHkVc0LhkU4Uv7fuEnppKU3nVKNzMh8g==",
      "hasInstallScript": true
    },
    "node_modules/prisma": {
      "version": "5.4.2",
      "resolved": "https://registry.npmjs.org/prisma/-/prisma-5.4.2.tgz",
      "integrity": "sha512-GDMZwZy7mysB2oXU+angQqJ90iaPFdD0rHaZNkn+dio5NRkGLmMqmXs31//tg/qXT3iB0cTQwnGGQNuirhSTZg==",
      "hasInstallScript": true,
      "dependencies": {
        "@prisma/engines": "5.4.2"
      },
      "bin": {
        "prisma": "build/index.js"
      },
      "engines": {
        "node": ">=16.13"
      }
    }
  },
  "dependencies": {
    "@prisma/engines": {
      "version": "5.4.2",
      "resolved": "https://registry.npmjs.org/@prisma/engines/-/engines-5.4.2.tgz",
      "integrity": "sha512-fqeucJ3LH0e1eyFdT0zRx+oETLancu5+n4lhiYECyEz6H2RDskPJHJYHkVc0LhkU4Uv7fuEnppKU3nVKNzMh8g=="
    },
    "prisma": {
      "version": "5.4.2",
      "resolved": "https://registry.npmjs.org/prisma/-/prisma-5.4.2.tgz",
      "integrity": "sha512-GDMZwZy7mysB2oXU+angQqJ90iaPFdD0rHaZNkn+dio5NRkGLmMqmXs31//tg/qXT3iB0cTQwnGGQNuirhSTZg==",
      "requires": {
        "@prisma/engines": "5.4.2"
      }
    }
  }
}
