{
  "name": "dev",
  "version": "1.0.0",
  "lockfileVersion": 2,
  "requires": true,
  "packages": {
    "": {
      "name": "dev",
      "version": "1.0.0",
      "license": "ISC",
      "dependencies": {
        "prisma": "^4.1.1"
      }
    },
    "node_modules/@prisma/engines": {
      "version": "4.1.1",
      "resolved": "https://registry.npmjs.org/@prisma/engines/-/engines-4.1.1.tgz",
      "integrity": "sha512-DCw8L/SS0IXqmj5IW/fMxOXiifnsfjBzDfRhf0j3NFWqvMCh9OtfjmXQZxVgI2mwvJLc/5jzXhkiWT39qS09dA==",
      "hasInstallScript": true
    },
    "node_modules/prisma": {
      "version": "4.1.1",
      "resolved": "https://registry.npmjs.org/prisma/-/prisma-4.1.1.tgz",
      "integrity": "sha512-yw50J8If2dKP4wYIi695zthsCASQFHiogGvUHHWd3falx/rpsD6Sb1LMLRV9nO3iGG3lozxNJ2PSINxK7xwdpg==",
      "hasInstallScript": true,
      "dependencies": {
        "@prisma/engines": "4.1.1"
      },
      "bin": {
        "prisma": "build/index.js",
        "prisma2": "build/index.js"
      },
      "engines": {
        "node": ">=14.17"
      }
    }
  },
  "dependencies": {
    "@prisma/engines": {
      "version": "4.1.1",
      "resolved": "https://registry.npmjs.org/@prisma/engines/-/engines-4.1.1.tgz",
      "integrity": "sha512-DCw8L/SS0IXqmj5IW/fMxOXiifnsfjBzDfRhf0j3NFWqvMCh9OtfjmXQZxVgI2mwvJLc/5jzXhkiWT39qS09dA=="
    },
    "prisma": {
      "version": "4.1.1",
      "resolved": "https://registry.npmjs.org/prisma/-/prisma-4.1.1.tgz",
      "integrity": "sha512-yw50J8If2dKP4wYIi695zthsCASQFHiogGvUHHWd3falx/rpsD6Sb1LMLRV9nO3iGG3lozxNJ2PSINxK7xwdpg==",
      "requires": {
        "@prisma/engines": "4.1.1"
      }
    }
  }
}
